// !$*UTF8*$!
{
	archiveVersion = 1;
	classes = {
	};
	objectVersion = 55;
	objects = {

/* Begin PBXBuildFile section */
		9B07E53028D75EB800C90C61 /* AppDelegate.swift in Sources */ = {isa = PBXBuildFile; fileRef = 9B07E52F28D75EB800C90C61 /* AppDelegate.swift */; };
		9B07E53228D75EB800C90C61 /* GameScene.sks in Resources */ = {isa = PBXBuildFile; fileRef = 9B07E53128D75EB800C90C61 /* GameScene.sks */; };
		9B07E53428D75EB800C90C61 /* Actions.sks in Resources */ = {isa = PBXBuildFile; fileRef = 9B07E53328D75EB800C90C61 /* Actions.sks */; };
		9B07E53628D75EB800C90C61 /* GameScene.swift in Sources */ = {isa = PBXBuildFile; fileRef = 9B07E53528D75EB800C90C61 /* GameScene.swift */; };
		9B07E53828D75EB800C90C61 /* GameViewController.swift in Sources */ = {isa = PBXBuildFile; fileRef = 9B07E53728D75EB800C90C61 /* GameViewController.swift */; };
		9B07E53B28D75EB800C90C61 /* Main.storyboard in Resources */ = {isa = PBXBuildFile; fileRef = 9B07E53928D75EB800C90C61 /* Main.storyboard */; };
		9B07E53D28D75EBB00C90C61 /* Assets.xcassets in Resources */ = {isa = PBXBuildFile; fileRef = 9B07E53C28D75EBB00C90C61 /* Assets.xcassets */; };
		9B07E54028D75EBB00C90C61 /* LaunchScreen.storyboard in Resources */ = {isa = PBXBuildFile; fileRef = 9B07E53E28D75EBB00C90C61 /* LaunchScreen.storyboard */; };
		9B07E54828DB346700C90C61 /* GameSprite.swift in Sources */ = {isa = PBXBuildFile; fileRef = 9B07E54728DB346700C90C61 /* GameSprite.swift */; };
		9B07E54A28DB355D00C90C61 /* Bee.swift in Sources */ = {isa = PBXBuildFile; fileRef = 9B07E54928DB355D00C90C61 /* Bee.swift */; };
		9B07E54C28DB42BB00C90C61 /* Ground.swift in Sources */ = {isa = PBXBuildFile; fileRef = 9B07E54B28DB42BB00C90C61 /* Ground.swift */; };
		9B07E54E28DB4AA600C90C61 /* Player.swift in Sources */ = {isa = PBXBuildFile; fileRef = 9B07E54D28DB4AA600C90C61 /* Player.swift */; };
		9B391FDA28DC85CC006FD8E5 /* Star.swift in Sources */ = {isa = PBXBuildFile; fileRef = 9B391FD928DC85CC006FD8E5 /* Star.swift */; };
		9B391FDC28DC9255006FD8E5 /* MadFly.swift in Sources */ = {isa = PBXBuildFile; fileRef = 9B391FDB28DC9255006FD8E5 /* MadFly.swift */; };
		9B391FDF28DC9404006FD8E5 /* Bat.swift in Sources */ = {isa = PBXBuildFile; fileRef = 9B391FDE28DC9404006FD8E5 /* Bat.swift */; };
		9B391FE128DC9548006FD8E5 /* Blade.swift in Sources */ = {isa = PBXBuildFile; fileRef = 9B391FE028DC9548006FD8E5 /* Blade.swift */; };
		9B391FE328DCAB82006FD8E5 /* Coin.swift in Sources */ = {isa = PBXBuildFile; fileRef = 9B391FE228DCAB82006FD8E5 /* Coin.swift */; };
		9B391FE828DCD13C006FD8E5 /* EncounterA.sks in Resources */ = {isa = PBXBuildFile; fileRef = 9B391FE728DCD13C006FD8E5 /* EncounterA.sks */; };
		9BA3C05528DF8D1300835E01 /* MenuScene.swift in Sources */ = {isa = PBXBuildFile; fileRef = 9BA3C05428DF8D1300835E01 /* MenuScene.swift */; };
		9BA3C05C28DFC66800835E01 /* BackgroundMusic.m4a in Resources */ = {isa = PBXBuildFile; fileRef = 9BA3C05728DFBF9E00835E01 /* BackgroundMusic.m4a */; };
		9BA3C05D28DFC6EF00835E01 /* Coin.aif in Resources */ = {isa = PBXBuildFile; fileRef = 9BA3C05828DFBFAF00835E01 /* Coin.aif */; };
		9BA3C05E28DFC6EF00835E01 /* Hurt.aif in Resources */ = {isa = PBXBuildFile; fileRef = 9BA3C05928DFBFC700835E01 /* Hurt.aif */; };
		9BA3C05F28DFC6EF00835E01 /* Powerup.aif in Resources */ = {isa = PBXBuildFile; fileRef = 9BA3C05A28DFBFD400835E01 /* Powerup.aif */; };
		9BA3C06028DFC6EF00835E01 /* StartGame.aif in Resources */ = {isa = PBXBuildFile; fileRef = 9BA3C05B28DFBFE600835E01 /* StartGame.aif */; };
		9BA3C06228E0757500835E01 /* BackgroundMusic.swift in Sources */ = {isa = PBXBuildFile; fileRef = 9BA3C06128E0757500835E01 /* BackgroundMusic.swift */; };
		9BA3C06428E0790900835E01 /* OptionsScene.swift in Sources */ = {isa = PBXBuildFile; fileRef = 9BA3C06328E0790900835E01 /* OptionsScene.swift */; };
		9BA3C06628E0861A00835E01 /* Crate.swift in Sources */ = {isa = PBXBuildFile; fileRef = 9BA3C06528E0861A00835E01 /* Crate.swift */; };
		9BA3C06828E0885000835E01 /* HeartExplosion.sks in Resources */ = {isa = PBXBuildFile; fileRef = 9BA3C06728E0885000835E01 /* HeartExplosion.sks */; };
		9BA3C06A28E0895800835E01 /* CrateExplosion.sks in Resources */ = {isa = PBXBuildFile; fileRef = 9BA3C06928E0895800835E01 /* CrateExplosion.sks */; };
		9BA3C06C28E08ADE00835E01 /* ParticlePool.swift in Sources */ = {isa = PBXBuildFile; fileRef = 9BA3C06B28E08ADE00835E01 /* ParticlePool.swift */; };
		9BA3C06E28E0A59A00835E01 /* CoinFountain.sks in Resources */ = {isa = PBXBuildFile; fileRef = 9BA3C06D28E0A59A00835E01 /* CoinFountain.sks */; };
		9BB9605928DCF35C00D38DBE /* EncounterB.sks in Resources */ = {isa = PBXBuildFile; fileRef = 9BB9605828DCF35C00D38DBE /* EncounterB.sks */; };
		9BB9605B28DCF43300D38DBE /* EncounterC.sks in Resources */ = {isa = PBXBuildFile; fileRef = 9BB9605A28DCF43300D38DBE /* EncounterC.sks */; };
		9BB9605D28DE121100D38DBE /* PhysicsMasks.swift in Sources */ = {isa = PBXBuildFile; fileRef = 9BB9605C28DE121100D38DBE /* PhysicsMasks.swift */; };
		9BB9605F28DE35DC00D38DBE /* Dies.mp3 in Resources */ = {isa = PBXBuildFile; fileRef = 9BB9605E28DE35DC00D38DBE /* Dies.mp3 */; };
		9BB9606728DF383600D38DBE /* HUD.swift in Sources */ = {isa = PBXBuildFile; fileRef = 9BB9606628DF383600D38DBE /* HUD.swift */; };
		9BB9606928DF407700D38DBE /* Background.swift in Sources */ = {isa = PBXBuildFile; fileRef = 9BB9606828DF407700D38DBE /* Background.swift */; };
		9BB9606B28DF4B3D00D38DBE /* PierrePath.sks in Resources */ = {isa = PBXBuildFile; fileRef = 9BB9606A28DF4B3D00D38DBE /* PierrePath.sks */; };
		9BD7455728DCE2D1004616A6 /* EncounterManager.swift in Sources */ = {isa = PBXBuildFile; fileRef = 9BD7455628DCE2D1004616A6 /* EncounterManager.swift */; };
/* End PBXBuildFile section */

/* Begin PBXFileReference section */
		9B07E52C28D75EB800C90C61 /* Pierre-the-Penguin.app */ = {isa = PBXFileReference; explicitFileType = wrapper.application; includeInIndex = 0; path = "Pierre-the-Penguin.app"; sourceTree = BUILT_PRODUCTS_DIR; };
		9B07E52F28D75EB800C90C61 /* AppDelegate.swift */ = {isa = PBXFileReference; lastKnownFileType = sourcecode.swift; path = AppDelegate.swift; sourceTree = "<group>"; };
		9B07E53128D75EB800C90C61 /* GameScene.sks */ = {isa = PBXFileReference; lastKnownFileType = file.sks; path = GameScene.sks; sourceTree = "<group>"; };
		9B07E53328D75EB800C90C61 /* Actions.sks */ = {isa = PBXFileReference; lastKnownFileType = file.sks; path = Actions.sks; sourceTree = "<group>"; };
		9B07E53528D75EB800C90C61 /* GameScene.swift */ = {isa = PBXFileReference; lastKnownFileType = sourcecode.swift; path = GameScene.swift; sourceTree = "<group>"; };
		9B07E53728D75EB800C90C61 /* GameViewController.swift */ = {isa = PBXFileReference; lastKnownFileType = sourcecode.swift; path = GameViewController.swift; sourceTree = "<group>"; };
		9B07E53A28D75EB800C90C61 /* Base */ = {isa = PBXFileReference; lastKnownFileType = file.storyboard; name = Base; path = Base.lproj/Main.storyboard; sourceTree = "<group>"; };
		9B07E53C28D75EBB00C90C61 /* Assets.xcassets */ = {isa = PBXFileReference; lastKnownFileType = folder.assetcatalog; path = Assets.xcassets; sourceTree = "<group>"; };
		9B07E53F28D75EBB00C90C61 /* Base */ = {isa = PBXFileReference; lastKnownFileType = file.storyboard; name = Base; path = Base.lproj/LaunchScreen.storyboard; sourceTree = "<group>"; };
		9B07E54728DB346700C90C61 /* GameSprite.swift */ = {isa = PBXFileReference; lastKnownFileType = sourcecode.swift; path = GameSprite.swift; sourceTree = "<group>"; };
		9B07E54928DB355D00C90C61 /* Bee.swift */ = {isa = PBXFileReference; lastKnownFileType = sourcecode.swift; path = Bee.swift; sourceTree = "<group>"; };
		9B07E54B28DB42BB00C90C61 /* Ground.swift */ = {isa = PBXFileReference; lastKnownFileType = sourcecode.swift; path = Ground.swift; sourceTree = "<group>"; };
		9B07E54D28DB4AA600C90C61 /* Player.swift */ = {isa = PBXFileReference; lastKnownFileType = sourcecode.swift; path = Player.swift; sourceTree = "<group>"; };
		9B391FD928DC85CC006FD8E5 /* Star.swift */ = {isa = PBXFileReference; lastKnownFileType = sourcecode.swift; path = Star.swift; sourceTree = "<group>"; };
		9B391FDB28DC9255006FD8E5 /* MadFly.swift */ = {isa = PBXFileReference; lastKnownFileType = sourcecode.swift; path = MadFly.swift; sourceTree = "<group>"; };
		9B391FDE28DC9404006FD8E5 /* Bat.swift */ = {isa = PBXFileReference; lastKnownFileType = sourcecode.swift; path = Bat.swift; sourceTree = "<group>"; };
		9B391FE028DC9548006FD8E5 /* Blade.swift */ = {isa = PBXFileReference; lastKnownFileType = sourcecode.swift; path = Blade.swift; sourceTree = "<group>"; };
		9B391FE228DCAB82006FD8E5 /* Coin.swift */ = {isa = PBXFileReference; lastKnownFileType = sourcecode.swift; path = Coin.swift; sourceTree = "<group>"; };
		9B391FE728DCD13C006FD8E5 /* EncounterA.sks */ = {isa = PBXFileReference; lastKnownFileType = file.sks; path = EncounterA.sks; sourceTree = "<group>"; };
		9BA3C05428DF8D1300835E01 /* MenuScene.swift */ = {isa = PBXFileReference; lastKnownFileType = sourcecode.swift; path = MenuScene.swift; sourceTree = "<group>"; };
		9BA3C05728DFBF9E00835E01 /* BackgroundMusic.m4a */ = {isa = PBXFileReference; lastKnownFileType = file; path = BackgroundMusic.m4a; sourceTree = "<group>"; };
		9BA3C05828DFBFAF00835E01 /* Coin.aif */ = {isa = PBXFileReference; lastKnownFileType = file; path = Coin.aif; sourceTree = "<group>"; };
		9BA3C05928DFBFC700835E01 /* Hurt.aif */ = {isa = PBXFileReference; lastKnownFileType = file; path = Hurt.aif; sourceTree = "<group>"; };
		9BA3C05A28DFBFD400835E01 /* Powerup.aif */ = {isa = PBXFileReference; lastKnownFileType = file; path = Powerup.aif; sourceTree = "<group>"; };
		9BA3C05B28DFBFE600835E01 /* StartGame.aif */ = {isa = PBXFileReference; lastKnownFileType = file; path = StartGame.aif; sourceTree = "<group>"; };
		9BA3C06128E0757500835E01 /* BackgroundMusic.swift */ = {isa = PBXFileReference; lastKnownFileType = sourcecode.swift; path = BackgroundMusic.swift; sourceTree = "<group>"; };
		9BA3C06328E0790900835E01 /* OptionsScene.swift */ = {isa = PBXFileReference; lastKnownFileType = sourcecode.swift; path = OptionsScene.swift; sourceTree = "<group>"; };
		9BA3C06528E0861A00835E01 /* Crate.swift */ = {isa = PBXFileReference; lastKnownFileType = sourcecode.swift; path = Crate.swift; sourceTree = "<group>"; };
		9BA3C06728E0885000835E01 /* HeartExplosion.sks */ = {isa = PBXFileReference; lastKnownFileType = file.sks; path = HeartExplosion.sks; sourceTree = "<group>"; };
		9BA3C06928E0895800835E01 /* CrateExplosion.sks */ = {isa = PBXFileReference; lastKnownFileType = file.sks; path = CrateExplosion.sks; sourceTree = "<group>"; };
		9BA3C06B28E08ADE00835E01 /* ParticlePool.swift */ = {isa = PBXFileReference; lastKnownFileType = sourcecode.swift; path = ParticlePool.swift; sourceTree = "<group>"; };
		9BA3C06D28E0A59A00835E01 /* CoinFountain.sks */ = {isa = PBXFileReference; lastKnownFileType = file.sks; path = CoinFountain.sks; sourceTree = "<group>"; };
		9BB9605828DCF35C00D38DBE /* EncounterB.sks */ = {isa = PBXFileReference; lastKnownFileType = file.sks; path = EncounterB.sks; sourceTree = "<group>"; };
		9BB9605A28DCF43300D38DBE /* EncounterC.sks */ = {isa = PBXFileReference; lastKnownFileType = file.sks; path = EncounterC.sks; sourceTree = "<group>"; };
		9BB9605C28DE121100D38DBE /* PhysicsMasks.swift */ = {isa = PBXFileReference; lastKnownFileType = sourcecode.swift; path = PhysicsMasks.swift; sourceTree = "<group>"; };
		9BB9605E28DE35DC00D38DBE /* Dies.mp3 */ = {isa = PBXFileReference; lastKnownFileType = audio.mp3; path = Dies.mp3; sourceTree = "<group>"; };
		9BB9606628DF383600D38DBE /* HUD.swift */ = {isa = PBXFileReference; lastKnownFileType = sourcecode.swift; path = HUD.swift; sourceTree = "<group>"; };
		9BB9606828DF407700D38DBE /* Background.swift */ = {isa = PBXFileReference; lastKnownFileType = sourcecode.swift; path = Background.swift; sourceTree = "<group>"; };
		9BB9606A28DF4B3D00D38DBE /* PierrePath.sks */ = {isa = PBXFileReference; lastKnownFileType = file.sks; path = PierrePath.sks; sourceTree = "<group>"; };
		9BD7455628DCE2D1004616A6 /* EncounterManager.swift */ = {isa = PBXFileReference; lastKnownFileType = sourcecode.swift; path = EncounterManager.swift; sourceTree = "<group>"; };
/* End PBXFileReference section */

/* Begin PBXFrameworksBuildPhase section */
		9B07E52928D75EB800C90C61 /* Frameworks */ = {
			isa = PBXFrameworksBuildPhase;
			buildActionMask = 2147483647;
			files = (
			);
			runOnlyForDeploymentPostprocessing = 0;
		};
/* End PBXFrameworksBuildPhase section */

/* Begin PBXGroup section */
		9B07E52328D75EB800C90C61 = {
			isa = PBXGroup;
			children = (
				9B07E52E28D75EB800C90C61 /* Pierre-the-Penguin */,
				9B07E52D28D75EB800C90C61 /* Products */,
			);
			sourceTree = "<group>";
		};
		9B07E52D28D75EB800C90C61 /* Products */ = {
			isa = PBXGroup;
			children = (
				9B07E52C28D75EB800C90C61 /* Pierre-the-Penguin.app */,
			);
			name = Products;
			sourceTree = "<group>";
		};
		9B07E52E28D75EB800C90C61 /* Pierre-the-Penguin */ = {
			isa = PBXGroup;
			children = (
				9B07E53328D75EB800C90C61 /* Actions.sks */,
				9BA3C06D28E0A59A00835E01 /* CoinFountain.sks */,
				9BA3C06928E0895800835E01 /* CrateExplosion.sks */,
				9B07E53128D75EB800C90C61 /* GameScene.sks */,
				9BA3C06728E0885000835E01 /* HeartExplosion.sks */,
				9BB9606A28DF4B3D00D38DBE /* PierrePath.sks */,
				9B07E52F28D75EB800C90C61 /* AppDelegate.swift */,
				9BB9606828DF407700D38DBE /* Background.swift */,
				9BA3C06128E0757500835E01 /* BackgroundMusic.swift */,
				9BD7455628DCE2D1004616A6 /* EncounterManager.swift */,
				9B07E53528D75EB800C90C61 /* GameScene.swift */,
				9B07E53728D75EB800C90C61 /* GameViewController.swift */,
				9BB9606628DF383600D38DBE /* HUD.swift */,
				9BA3C05428DF8D1300835E01 /* MenuScene.swift */,
				9BA3C06328E0790900835E01 /* OptionsScene.swift */,
				9BA3C06B28E08ADE00835E01 /* ParticlePool.swift */,
				9BB9605C28DE121100D38DBE /* PhysicsMasks.swift */,
				9B07E53C28D75EBB00C90C61 /* Assets.xcassets */,
				9B391FE628DCD0EF006FD8E5 /* Encounters */,
				9B07E53E28D75EBB00C90C61 /* LaunchScreen.storyboard */,
				9B07E53928D75EB800C90C61 /* Main.storyboard */,
				9BA3C05628DFBF8B00835E01 /* Sound */,
				9B391FDD28DC9263006FD8E5 /* Sprites */,
			);
			path = "Pierre-the-Penguin";
			sourceTree = "<group>";
		};
		9B391FDD28DC9263006FD8E5 /* Sprites */ = {
			isa = PBXGroup;
			children = (
				9B391FDE28DC9404006FD8E5 /* Bat.swift */,
				9B07E54928DB355D00C90C61 /* Bee.swift */,
				9B391FE028DC9548006FD8E5 /* Blade.swift */,
				9B391FE228DCAB82006FD8E5 /* Coin.swift */,
				9BA3C06528E0861A00835E01 /* Crate.swift */,
				9B07E54728DB346700C90C61 /* GameSprite.swift */,
				9B07E54B28DB42BB00C90C61 /* Ground.swift */,
				9B391FDB28DC9255006FD8E5 /* MadFly.swift */,
				9B07E54D28DB4AA600C90C61 /* Player.swift */,
				9B391FD928DC85CC006FD8E5 /* Star.swift */,
			);
			path = Sprites;
			sourceTree = "<group>";
		};
		9B391FE628DCD0EF006FD8E5 /* Encounters */ = {
			isa = PBXGroup;
			children = (
				9B391FE728DCD13C006FD8E5 /* EncounterA.sks */,
				9BB9605828DCF35C00D38DBE /* EncounterB.sks */,
				9BB9605A28DCF43300D38DBE /* EncounterC.sks */,
			);
			path = Encounters;
			sourceTree = "<group>";
		};
		9BA3C05628DFBF8B00835E01 /* Sound */ = {
			isa = PBXGroup;
			children = (
				9BB9605E28DE35DC00D38DBE /* Dies.mp3 */,
				9BA3C05728DFBF9E00835E01 /* BackgroundMusic.m4a */,
				9BA3C05828DFBFAF00835E01 /* Coin.aif */,
				9BA3C05928DFBFC700835E01 /* Hurt.aif */,
				9BA3C05A28DFBFD400835E01 /* Powerup.aif */,
				9BA3C05B28DFBFE600835E01 /* StartGame.aif */,
			);
			path = Sound;
			sourceTree = "<group>";
		};
/* End PBXGroup section */

/* Begin PBXNativeTarget section */
		9B07E52B28D75EB800C90C61 /* Pierre-the-Penguin */ = {
			isa = PBXNativeTarget;
			buildConfigurationList = 9B07E54328D75EBB00C90C61 /* Build configuration list for PBXNativeTarget "Pierre-the-Penguin" */;
			buildPhases = (
				9B07E52828D75EB800C90C61 /* Sources */,
				9B07E52928D75EB800C90C61 /* Frameworks */,
				9B07E52A28D75EB800C90C61 /* Resources */,
			);
			buildRules = (
			);
			dependencies = (
			);
			name = "Pierre-the-Penguin";
			productName = "Pierre-the-Penguin";
			productReference = 9B07E52C28D75EB800C90C61 /* Pierre-the-Penguin.app */;
			productType = "com.apple.product-type.application";
		};
/* End PBXNativeTarget section */

/* Begin PBXProject section */
		9B07E52428D75EB800C90C61 /* Project object */ = {
			isa = PBXProject;
			attributes = {
				BuildIndependentTargetsInParallel = 1;
				LastSwiftUpdateCheck = 1330;
				LastUpgradeCheck = 1330;
				TargetAttributes = {
					9B07E52B28D75EB800C90C61 = {
						CreatedOnToolsVersion = 13.3;
					};
				};
			};
			buildConfigurationList = 9B07E52728D75EB800C90C61 /* Build configuration list for PBXProject "Pierre-the-Penguin" */;
			compatibilityVersion = "Xcode 13.0";
			developmentRegion = en;
			hasScannedForEncodings = 0;
			knownRegions = (
				en,
				Base,
			);
			mainGroup = 9B07E52328D75EB800C90C61;
			productRefGroup = 9B07E52D28D75EB800C90C61 /* Products */;
			projectDirPath = "";
			projectRoot = "";
			targets = (
				9B07E52B28D75EB800C90C61 /* Pierre-the-Penguin */,
			);
		};
/* End PBXProject section */

/* Begin PBXResourcesBuildPhase section */
		9B07E52A28D75EB800C90C61 /* Resources */ = {
			isa = PBXResourcesBuildPhase;
			buildActionMask = 2147483647;
			files = (
				9BA3C05D28DFC6EF00835E01 /* Coin.aif in Resources */,
				9BA3C05E28DFC6EF00835E01 /* Hurt.aif in Resources */,
				9BA3C06A28E0895800835E01 /* CrateExplosion.sks in Resources */,
				9BA3C05F28DFC6EF00835E01 /* Powerup.aif in Resources */,
				9BA3C06028DFC6EF00835E01 /* StartGame.aif in Resources */,
				9BA3C05C28DFC66800835E01 /* BackgroundMusic.m4a in Resources */,
				9B07E53B28D75EB800C90C61 /* Main.storyboard in Resources */,
				9BA3C06828E0885000835E01 /* HeartExplosion.sks in Resources */,
				9BB9605B28DCF43300D38DBE /* EncounterC.sks in Resources */,
				9B07E53228D75EB800C90C61 /* GameScene.sks in Resources */,
				9BB9605F28DE35DC00D38DBE /* Dies.mp3 in Resources */,
				9BA3C06E28E0A59A00835E01 /* CoinFountain.sks in Resources */,
				9BB9605928DCF35C00D38DBE /* EncounterB.sks in Resources */,
				9B07E53D28D75EBB00C90C61 /* Assets.xcassets in Resources */,
				9B07E54028D75EBB00C90C61 /* LaunchScreen.storyboard in Resources */,
				9BB9606B28DF4B3D00D38DBE /* PierrePath.sks in Resources */,
				9B391FE828DCD13C006FD8E5 /* EncounterA.sks in Resources */,
				9B07E53428D75EB800C90C61 /* Actions.sks in Resources */,
			);
			runOnlyForDeploymentPostprocessing = 0;
		};
/* End PBXResourcesBuildPhase section */

/* Begin PBXSourcesBuildPhase section */
		9B07E52828D75EB800C90C61 /* Sources */ = {
			isa = PBXSourcesBuildPhase;
			buildActionMask = 2147483647;
			files = (
				9BA3C05528DF8D1300835E01 /* MenuScene.swift in Sources */,
				9BA3C06628E0861A00835E01 /* Crate.swift in Sources */,
				9B391FDA28DC85CC006FD8E5 /* Star.swift in Sources */,
				9BD7455728DCE2D1004616A6 /* EncounterManager.swift in Sources */,
				9B07E54C28DB42BB00C90C61 /* Ground.swift in Sources */,
				9B391FE128DC9548006FD8E5 /* Blade.swift in Sources */,
				9BB9606928DF407700D38DBE /* Background.swift in Sources */,
				9B07E54A28DB355D00C90C61 /* Bee.swift in Sources */,
				9BA3C06428E0790900835E01 /* OptionsScene.swift in Sources */,
				9BB9606728DF383600D38DBE /* HUD.swift in Sources */,
				9B07E54828DB346700C90C61 /* GameSprite.swift in Sources */,
				9BA3C06C28E08ADE00835E01 /* ParticlePool.swift in Sources */,
				9BB9605D28DE121100D38DBE /* PhysicsMasks.swift in Sources */,
				9B07E53628D75EB800C90C61 /* GameScene.swift in Sources */,
				9BA3C06228E0757500835E01 /* BackgroundMusic.swift in Sources */,
				9B391FDC28DC9255006FD8E5 /* MadFly.swift in Sources */,
				9B391FE328DCAB82006FD8E5 /* Coin.swift in Sources */,
				9B07E54E28DB4AA600C90C61 /* Player.swift in Sources */,
				9B07E53828D75EB800C90C61 /* GameViewController.swift in Sources */,
				9B391FDF28DC9404006FD8E5 /* Bat.swift in Sources */,
				9B07E53028D75EB800C90C61 /* AppDelegate.swift in Sources */,
			);
			runOnlyForDeploymentPostprocessing = 0;
		};
/* End PBXSourcesBuildPhase section */

/* Begin PBXVariantGroup section */
		9B07E53928D75EB800C90C61 /* Main.storyboard */ = {
			isa = PBXVariantGroup;
			children = (
				9B07E53A28D75EB800C90C61 /* Base */,
			);
			name = Main.storyboard;
			sourceTree = "<group>";
		};
		9B07E53E28D75EBB00C90C61 /* LaunchScreen.storyboard */ = {
			isa = PBXVariantGroup;
			children = (
				9B07E53F28D75EBB00C90C61 /* Base */,
			);
			name = LaunchScreen.storyboard;
			sourceTree = "<group>";
		};
/* End PBXVariantGroup section */

/* Begin XCBuildConfiguration section */
		9B07E54128D75EBB00C90C61 /* Debug */ = {
			isa = XCBuildConfiguration;
			buildSettings = {
				ALWAYS_SEARCH_USER_PATHS = NO;
				CLANG_ANALYZER_NONNULL = YES;
				CLANG_ANALYZER_NUMBER_OBJECT_CONVERSION = YES_AGGRESSIVE;
				CLANG_CXX_LANGUAGE_STANDARD = "gnu++17";
				CLANG_ENABLE_MODULES = YES;
				CLANG_ENABLE_OBJC_ARC = YES;
				CLANG_ENABLE_OBJC_WEAK = YES;
				CLANG_WARN_BLOCK_CAPTURE_AUTORELEASING = YES;
				CLANG_WARN_BOOL_CONVERSION = YES;
				CLANG_WARN_COMMA = YES;
				CLANG_WARN_CONSTANT_CONVERSION = YES;
				CLANG_WARN_DEPRECATED_OBJC_IMPLEMENTATIONS = YES;
				CLANG_WARN_DIRECT_OBJC_ISA_USAGE = YES_ERROR;
				CLANG_WARN_DOCUMENTATION_COMMENTS = YES;
				CLANG_WARN_EMPTY_BODY = YES;
				CLANG_WARN_ENUM_CONVERSION = YES;
				CLANG_WARN_INFINITE_RECURSION = YES;
				CLANG_WARN_INT_CONVERSION = YES;
				CLANG_WARN_NON_LITERAL_NULL_CONVERSION = YES;
				CLANG_WARN_OBJC_IMPLICIT_RETAIN_SELF = YES;
				CLANG_WARN_OBJC_LITERAL_CONVERSION = YES;
				CLANG_WARN_OBJC_ROOT_CLASS = YES_ERROR;
				CLANG_WARN_QUOTED_INCLUDE_IN_FRAMEWORK_HEADER = YES;
				CLANG_WARN_RANGE_LOOP_ANALYSIS = YES;
				CLANG_WARN_STRICT_PROTOTYPES = YES;
				CLANG_WARN_SUSPICIOUS_MOVE = YES;
				CLANG_WARN_UNGUARDED_AVAILABILITY = YES_AGGRESSIVE;
				CLANG_WARN_UNREACHABLE_CODE = YES;
				CLANG_WARN__DUPLICATE_METHOD_MATCH = YES;
				COPY_PHASE_STRIP = NO;
				DEBUG_INFORMATION_FORMAT = dwarf;
				ENABLE_STRICT_OBJC_MSGSEND = YES;
				ENABLE_TESTABILITY = YES;
				GCC_C_LANGUAGE_STANDARD = gnu11;
				GCC_DYNAMIC_NO_PIC = NO;
				GCC_NO_COMMON_BLOCKS = YES;
				GCC_OPTIMIZATION_LEVEL = 0;
				GCC_PREPROCESSOR_DEFINITIONS = (
					"DEBUG=1",
					"$(inherited)",
				);
				GCC_WARN_64_TO_32_BIT_CONVERSION = YES;
				GCC_WARN_ABOUT_RETURN_TYPE = YES_ERROR;
				GCC_WARN_UNDECLARED_SELECTOR = YES;
				GCC_WARN_UNINITIALIZED_AUTOS = YES_AGGRESSIVE;
				GCC_WARN_UNUSED_FUNCTION = YES;
				GCC_WARN_UNUSED_VARIABLE = YES;
				IPHONEOS_DEPLOYMENT_TARGET = 15.4;
				MTL_ENABLE_DEBUG_INFO = INCLUDE_SOURCE;
				MTL_FAST_MATH = YES;
				ONLY_ACTIVE_ARCH = YES;
				SDKROOT = iphoneos;
				SWIFT_ACTIVE_COMPILATION_CONDITIONS = DEBUG;
				SWIFT_OPTIMIZATION_LEVEL = "-Onone";
			};
			name = Debug;
		};
		9B07E54228D75EBB00C90C61 /* Release */ = {
			isa = XCBuildConfiguration;
			buildSettings = {
				ALWAYS_SEARCH_USER_PATHS = NO;
				CLANG_ANALYZER_NONNULL = YES;
				CLANG_ANALYZER_NUMBER_OBJECT_CONVERSION = YES_AGGRESSIVE;
				CLANG_CXX_LANGUAGE_STANDARD = "gnu++17";
				CLANG_ENABLE_MODULES = YES;
				CLANG_ENABLE_OBJC_ARC = YES;
				CLANG_ENABLE_OBJC_WEAK = YES;
				CLANG_WARN_BLOCK_CAPTURE_AUTORELEASING = YES;
				CLANG_WARN_BOOL_CONVERSION = YES;
				CLANG_WARN_COMMA = YES;
				CLANG_WARN_CONSTANT_CONVERSION = YES;
				CLANG_WARN_DEPRECATED_OBJC_IMPLEMENTATIONS = YES;
				CLANG_WARN_DIRECT_OBJC_ISA_USAGE = YES_ERROR;
				CLANG_WARN_DOCUMENTATION_COMMENTS = YES;
				CLANG_WARN_EMPTY_BODY = YES;
				CLANG_WARN_ENUM_CONVERSION = YES;
				CLANG_WARN_INFINITE_RECURSION = YES;
				CLANG_WARN_INT_CONVERSION = YES;
				CLANG_WARN_NON_LITERAL_NULL_CONVERSION = YES;
				CLANG_WARN_OBJC_IMPLICIT_RETAIN_SELF = YES;
				CLANG_WARN_OBJC_LITERAL_CONVERSION = YES;
				CLANG_WARN_OBJC_ROOT_CLASS = YES_ERROR;
				CLANG_WARN_QUOTED_INCLUDE_IN_FRAMEWORK_HEADER = YES;
				CLANG_WARN_RANGE_LOOP_ANALYSIS = YES;
				CLANG_WARN_STRICT_PROTOTYPES = YES;
				CLANG_WARN_SUSPICIOUS_MOVE = YES;
				CLANG_WARN_UNGUARDED_AVAILABILITY = YES_AGGRESSIVE;
				CLANG_WARN_UNREACHABLE_CODE = YES;
				CLANG_WARN__DUPLICATE_METHOD_MATCH = YES;
				COPY_PHASE_STRIP = NO;
				DEBUG_INFORMATION_FORMAT = "dwarf-with-dsym";
				ENABLE_NS_ASSERTIONS = NO;
				ENABLE_STRICT_OBJC_MSGSEND = YES;
				GCC_C_LANGUAGE_STANDARD = gnu11;
				GCC_NO_COMMON_BLOCKS = YES;
				GCC_WARN_64_TO_32_BIT_CONVERSION = YES;
				GCC_WARN_ABOUT_RETURN_TYPE = YES_ERROR;
				GCC_WARN_UNDECLARED_SELECTOR = YES;
				GCC_WARN_UNINITIALIZED_AUTOS = YES_AGGRESSIVE;
				GCC_WARN_UNUSED_FUNCTION = YES;
				GCC_WARN_UNUSED_VARIABLE = YES;
				IPHONEOS_DEPLOYMENT_TARGET = 15.4;
				MTL_ENABLE_DEBUG_INFO = NO;
				MTL_FAST_MATH = YES;
				SDKROOT = iphoneos;
				SWIFT_COMPILATION_MODE = wholemodule;
				SWIFT_OPTIMIZATION_LEVEL = "-O";
				VALIDATE_PRODUCT = YES;
			};
			name = Release;
		};
		9B07E54428D75EBB00C90C61 /* Debug */ = {
			isa = XCBuildConfiguration;
			buildSettings = {
				ASSETCATALOG_COMPILER_APPICON_NAME = AppIcon;
				ASSETCATALOG_COMPILER_GLOBAL_ACCENT_COLOR_NAME = AccentColor;
				CODE_SIGN_STYLE = Automatic;
				CURRENT_PROJECT_VERSION = 1;
				DEVELOPMENT_TEAM = 358P52VBYS;
				GENERATE_INFOPLIST_FILE = YES;
				INFOPLIST_KEY_UIApplicationSupportsIndirectInputEvents = YES;
				INFOPLIST_KEY_UILaunchStoryboardName = LaunchScreen;
				INFOPLIST_KEY_UIMainStoryboardFile = Main;
				INFOPLIST_KEY_UIStatusBarHidden = YES;
				INFOPLIST_KEY_UISupportedInterfaceOrientations = "UIInterfaceOrientationLandscapeRight UIInterfaceOrientationLandscapeLeft";
				INFOPLIST_KEY_UISupportedInterfaceOrientations_iPad = "UIInterfaceOrientationPortrait UIInterfaceOrientationPortraitUpsideDown UIInterfaceOrientationLandscapeLeft UIInterfaceOrientationLandscapeRight";
				INFOPLIST_KEY_UISupportedInterfaceOrientations_iPhone = "UIInterfaceOrientationPortrait UIInterfaceOrientationLandscapeLeft UIInterfaceOrientationLandscapeRight";
				LD_RUNPATH_SEARCH_PATHS = (
					"$(inherited)",
					"@executable_path/Frameworks",
				);
				MARKETING_VERSION = 1.0;
				PRODUCT_BUNDLE_IDENTIFIER = "Pew-Pew-Games.Pierre-the-Penguin";
				PRODUCT_NAME = "$(TARGET_NAME)";
				SWIFT_EMIT_LOC_STRINGS = YES;
				SWIFT_VERSION = 5.0;
				TARGETED_DEVICE_FAMILY = "1,2";
			};
			name = Debug;
		};
		9B07E54528D75EBB00C90C61 /* Release */ = {
			isa = XCBuildConfiguration;
			buildSettings = {
				ASSETCATALOG_COMPILER_APPICON_NAME = AppIcon;
				ASSETCATALOG_COMPILER_GLOBAL_ACCENT_COLOR_NAME = AccentColor;
				CODE_SIGN_STYLE = Automatic;
				CURRENT_PROJECT_VERSION = 1;
				DEVELOPMENT_TEAM = 358P52VBYS;
				GENERATE_INFOPLIST_FILE = YES;
				INFOPLIST_KEY_UIApplicationSupportsIndirectInputEvents = YES;
				INFOPLIST_KEY_UILaunchStoryboardName = LaunchScreen;
				INFOPLIST_KEY_UIMainStoryboardFile = Main;
				INFOPLIST_KEY_UIStatusBarHidden = YES;
				INFOPLIST_KEY_UISupportedInterfaceOrientations = "UIInterfaceOrientationLandscapeRight UIInterfaceOrientationLandscapeLeft";
				INFOPLIST_KEY_UISupportedInterfaceOrientations_iPad = "UIInterfaceOrientationPortrait UIInterfaceOrientationPortraitUpsideDown UIInterfaceOrientationLandscapeLeft UIInterfaceOrientationLandscapeRight";
				INFOPLIST_KEY_UISupportedInterfaceOrientations_iPhone = "UIInterfaceOrientationPortrait UIInterfaceOrientationLandscapeLeft UIInterfaceOrientationLandscapeRight";
				LD_RUNPATH_SEARCH_PATHS = (
					"$(inherited)",
					"@executable_path/Frameworks",
				);
				MARKETING_VERSION = 1.0;
				PRODUCT_BUNDLE_IDENTIFIER = "Pew-Pew-Games.Pierre-the-Penguin";
				PRODUCT_NAME = "$(TARGET_NAME)";
				SWIFT_EMIT_LOC_STRINGS = YES;
				SWIFT_VERSION = 5.0;
				TARGETED_DEVICE_FAMILY = "1,2";
			};
			name = Release;
		};
/* End XCBuildConfiguration section */

/* Begin XCConfigurationList section */
		9B07E52728D75EB800C90C61 /* Build configuration list for PBXProject "Pierre-the-Penguin" */ = {
			isa = XCConfigurationList;
			buildConfigurations = (
				9B07E54128D75EBB00C90C61 /* Debug */,
				9B07E54228D75EBB00C90C61 /* Release */,
			);
			defaultConfigurationIsVisible = 0;
			defaultConfigurationName = Release;
		};
		9B07E54328D75EBB00C90C61 /* Build configuration list for PBXNativeTarget "Pierre-the-Penguin" */ = {
			isa = XCConfigurationList;
			buildConfigurations = (
				9B07E54428D75EBB00C90C61 /* Debug */,
				9B07E54528D75EBB00C90C61 /* Release */,
			);
			defaultConfigurationIsVisible = 0;
			defaultConfigurationName = Release;
		};
/* End XCConfigurationList section */
	};
	rootObject = 9B07E52428D75EB800C90C61 /* Project object */;
}
